{
  "name": "@hippy/vue-next-compiler-ssr",
  "version": "3.3.4",
  "lockfileVersion": 2,
  "requires": true,
  "packages": {
    "": {
      "name": "@hippy/vue-next-compiler-ssr",
      "version": "3.3.4",
      "license": "Apache-2.0",
      "devDependencies": {
        "@vue/compiler-core": "3.4.32",
        "@vue/compiler-dom": "3.4.32",
        "@vue/shared": "3.4.32"
      },
      "peerDependencies": {
        "@vue/compiler-core": "3.4.32",
        "@vue/compiler-dom": "3.4.32",
        "@vue/shared": "3.4.32"
      }
    },
    "node_modules/@babel/helper-string-parser": {
      "version": "7.25.9",
      "resolved": "https://repo.huaweicloud.com/repository/npm/@babel/helper-string-parser/-/helper-string-parser-7.25.9.tgz",
      "integrity": "sha512-4A/SCr/2KLd5jrtOMFzaKjVtAei3+2r/NChoBNoZ3EyP/+GlhoaEGoWOZUmFmoITP7zOJyHIMm+DYRd8o3PvHA==",
      "dev": true,
      "license": "MIT",
      "engines": {
        "node": ">=6.9.0"
      }
    },
    "node_modules/@babel/helper-validator-identifier": {
      "version": "7.25.9",
      "resolved": "https://repo.huaweicloud.com/repository/npm/@babel/helper-validator-identifier/-/helper-validator-identifier-7.25.9.tgz",
      "integrity": "sha512-Ed61U6XJc3CVRfkERJWDz4dJwKe7iLmmJsbOGu9wSloNSFttHV0I8g6UAgb7qnK5ly5bGLPd4oXZlxCdANBOWQ==",
      "dev": true,
      "license": "MIT",
      "engines": {
        "node": ">=6.9.0"
      }
    },
    "node_modules/@babel/parser": {
      "version": "7.27.0",
      "resolved": "https://repo.huaweicloud.com/repository/npm/@babel/parser/-/parser-7.27.0.tgz",
      "integrity": "sha512-iaepho73/2Pz7w2eMS0Q5f83+0RKI7i4xmiYeBmDzfRVbQtTOG7Ts0S4HzJVsTMGI9keU8rNfuZr8DKfSt7Yyg==",
      "dev": true,
      "license": "MIT",
      "dependencies": {
        "@babel/types": "^7.27.0"
      },
      "bin": {
        "parser": "bin/babel-parser.js"
      },
      "engines": {
        "node": ">=6.0.0"
      }
    },
    "node_modules/@babel/types": {
      "version": "7.27.0",
      "resolved": "https://repo.huaweicloud.com/repository/npm/@babel/types/-/types-7.27.0.tgz",
      "integrity": "sha512-H45s8fVLYjbhFH62dIJ3WtmJ6RSPt/3DRO0ZcT2SUiYiQyz3BLVb9ADEnLl91m74aQPS3AzzeajZHYOalWe3bg==",
      "dev": true,
      "license": "MIT",
      "dependencies": {
        "@babel/helper-string-parser": "^7.25.9",
        "@babel/helper-validator-identifier": "^7.25.9"
      },
      "engines": {
        "node": ">=6.9.0"
      }
    },
    "node_modules/@vue/compiler-core": {
      "version": "3.4.32",
      "resolved": "https://repo.huaweicloud.com/repository/npm/@vue/compiler-core/-/compiler-core-3.4.32.tgz",
      "integrity": "sha512-8tCVWkkLe/QCWIsrIvExUGnhYCAOroUs5dzhSoKL5w4MJS8uIYiou+pOPSVIOALOQ80B0jBs+Ri+kd5+MBnCDw==",
      "dev": true,
      "license": "MIT",
      "dependencies": {
        "@babel/parser": "^7.24.7",
        "@vue/shared": "3.4.32",
        "entities": "^4.5.0",
        "estree-walker": "^2.0.2",
        "source-map-js": "^1.2.0"
      }
    },
    "node_modules/@vue/compiler-dom": {
      "version": "3.4.32",
      "resolved": "https://repo.huaweicloud.com/repository/npm/@vue/compiler-dom/-/compiler-dom-3.4.32.tgz",
      "integrity": "sha512-PbSgt9KuYo4fyb90dynuPc0XFTfFPs3sCTbPLOLlo+PrUESW1gn/NjSsUvhR+mI2AmmEzexwYMxbHDldxSOr2A==",
      "dev": true,
      "license": "MIT",
      "dependencies": {
        "@vue/compiler-core": "3.4.32",
        "@vue/shared": "3.4.32"
      }
    },
    "node_modules/@vue/shared": {
      "version": "3.4.32",
      "resolved": "https://repo.huaweicloud.com/repository/npm/@vue/shared/-/shared-3.4.32.tgz",
      "integrity": "sha512-ep4mF1IVnX/pYaNwxwOpJHyBtOMKWoKZMbnUyd+z0udqIxLUh7YCCd/JfDna8aUrmnG9SFORyIq2HzEATRrQsg==",
      "dev": true,
      "license": "MIT"
    },
    "node_modules/entities": {
      "version": "4.5.0",
      "resolved": "https://repo.huaweicloud.com/repository/npm/entities/-/entities-4.5.0.tgz",
      "integrity": "sha512-V0hjH4dGPh9Ao5p0MoRY6BVqtwCjhz6vI5LT8AJ55H+4g9/4vbHx1I54fS0XuclLhDHArPQCiMjDxjaL8fPxhw==",
      "dev": true,
      "license": "BSD-2-Clause",
      "engines": {
        "node": ">=0.12"
      },
      "funding": {
        "url": "https://github.com/fb55/entities?sponsor=1"
      }
    },
    "node_modules/estree-walker": {
      "version": "2.0.2",
      "resolved": "https://mirrors.tencent.com/npm/estree-walker/-/estree-walker-2.0.2.tgz",
      "integrity": "sha512-Rfkk/Mp/DL7JVje3u18FxFujQlTNR2q6QfMSMB7AvCBx91NGj/ba3kCfza0f6dVDbw7YlRf/nDrn7pQrCCyQ/w==",
      "dev": true,
      "license": "MIT"
    },
    "node_modules/source-map-js": {
      "version": "1.2.1",
      "resolved": "https://repo.huaweicloud.com/repository/npm/source-map-js/-/source-map-js-1.2.1.tgz",
      "integrity": "sha512-UXWMKhLOwVKb728IUtQPXxfYU+usdybtUrK/8uGE8CQMvrhOpwvzDBwj0QhSL7MQc7vIsISBG8VQ8+IDQxpfQA==",
      "dev": true,
      "license": "BSD-3-Clause",
      "engines": {
        "node": ">=0.10.0"
      }
    }
  },
  "dependencies": {
    "@babel/helper-string-parser": {
      "version": "7.25.9",
      "resolved": "https://repo.huaweicloud.com/repository/npm/@babel/helper-string-parser/-/helper-string-parser-7.25.9.tgz",
      "integrity": "sha512-4A/SCr/2KLd5jrtOMFzaKjVtAei3+2r/NChoBNoZ3EyP/+GlhoaEGoWOZUmFmoITP7zOJyHIMm+DYRd8o3PvHA==",
      "dev": true
    },
    "@babel/helper-validator-identifier": {
      "version": "7.25.9",
      "resolved": "https://repo.huaweicloud.com/repository/npm/@babel/helper-validator-identifier/-/helper-validator-identifier-7.25.9.tgz",
      "integrity": "sha512-Ed61U6XJc3CVRfkERJWDz4dJwKe7iLmmJsbOGu9wSloNSFttHV0I8g6UAgb7qnK5ly5bGLPd4oXZlxCdANBOWQ==",
      "dev": true
    },
    "@babel/parser": {
      "version": "7.27.0",
      "resolved": "https://repo.huaweicloud.com/repository/npm/@babel/parser/-/parser-7.27.0.tgz",
      "integrity": "sha512-iaepho73/2Pz7w2eMS0Q5f83+0RKI7i4xmiYeBmDzfRVbQtTOG7Ts0S4HzJVsTMGI9keU8rNfuZr8DKfSt7Yyg==",
      "dev": true,
      "requires": {
        "@babel/types": "^7.27.0"
      }
    },
    "@babel/types": {
      "version": "7.27.0",
      "resolved": "https://repo.huaweicloud.com/repository/npm/@babel/types/-/types-7.27.0.tgz",
      "integrity": "sha512-H45s8fVLYjbhFH62dIJ3WtmJ6RSPt/3DRO0ZcT2SUiYiQyz3BLVb9ADEnLl91m74aQPS3AzzeajZHYOalWe3bg==",
      "dev": true,
      "requires": {
        "@babel/helper-string-parser": "^7.25.9",
        "@babel/helper-validator-identifier": "^7.25.9"
      }
    },
    "@vue/compiler-core": {
      "version": "3.4.32",
      "resolved": "https://repo.huaweicloud.com/repository/npm/@vue/compiler-core/-/compiler-core-3.4.32.tgz",
      "integrity": "sha512-8tCVWkkLe/QCWIsrIvExUGnhYCAOroUs5dzhSoKL5w4MJS8uIYiou+pOPSVIOALOQ80B0jBs+Ri+kd5+MBnCDw==",
      "dev": true,
      "requires": {
        "@babel/parser": "^7.24.7",
        "@vue/shared": "3.4.32",
        "entities": "^4.5.0",
        "estree-walker": "^2.0.2",
        "source-map-js": "^1.2.0"
      }
    },
    "@vue/compiler-dom": {
      "version": "3.4.32",
      "resolved": "https://repo.huaweicloud.com/repository/npm/@vue/compiler-dom/-/compiler-dom-3.4.32.tgz",
      "integrity": "sha512-PbSgt9KuYo4fyb90dynuPc0XFTfFPs3sCTbPLOLlo+PrUESW1gn/NjSsUvhR+mI2AmmEzexwYMxbHDldxSOr2A==",
      "dev": true,
      "requires": {
        "@vue/compiler-core": "3.4.32",
        "@vue/shared": "3.4.32"
      }
    },
    "@vue/shared": {
      "version": "3.4.32",
      "resolved": "https://repo.huaweicloud.com/repository/npm/@vue/shared/-/shared-3.4.32.tgz",
      "integrity": "sha512-ep4mF1IVnX/pYaNwxwOpJHyBtOMKWoKZMbnUyd+z0udqIxLUh7YCCd/JfDna8aUrmnG9SFORyIq2HzEATRrQsg==",
      "dev": true
    },
    "entities": {
      "version": "4.5.0",
      "resolved": "https://repo.huaweicloud.com/repository/npm/entities/-/entities-4.5.0.tgz",
      "integrity": "sha512-V0hjH4dGPh9Ao5p0MoRY6BVqtwCjhz6vI5LT8AJ55H+4g9/4vbHx1I54fS0XuclLhDHArPQCiMjDxjaL8fPxhw==",
      "dev": true
    },
    "estree-walker": {
      "version": "2.0.2",
      "resolved": "https://mirrors.tencent.com/npm/estree-walker/-/estree-walker-2.0.2.tgz",
      "integrity": "sha512-Rfkk/Mp/DL7JVje3u18FxFujQlTNR2q6QfMSMB7AvCBx91NGj/ba3kCfza0f6dVDbw7YlRf/nDrn7pQrCCyQ/w==",
      "dev": true
    },
    "source-map-js": {
      "version": "1.2.1",
      "resolved": "https://repo.huaweicloud.com/repository/npm/source-map-js/-/source-map-js-1.2.1.tgz",
      "integrity": "sha512-UXWMKhLOwVKb728IUtQPXxfYU+usdybtUrK/8uGE8CQMvrhOpwvzDBwj0QhSL7MQc7vIsISBG8VQ8+IDQxpfQA==",
      "dev": true
    }
  }
}
