{
  "name": "@hippy/vue-next",
  "version": "unspecified",
  "lockfileVersion": 2,
  "requires": true,
  "packages": {
    "": {
      "name": "@hippy/vue-next",
      "version": "unspecified",
      "license": "Apache-2.0",
      "devDependencies": {
        "@vue/runtime-core": "^3.2.46",
        "@vue/shared": "^3.2.46"
      },
      "peerDependencies": {
        "@vue/runtime-core": "^3.2.46",
        "@vue/shared": "^3.2.46"
      }
    },
    "node_modules/@vue/reactivity": {
      "version": "3.5.3",
      "resolved": "https://registry.npmjs.org/@vue/reactivity/-/reactivity-3.5.3.tgz",
      "integrity": "sha512-2w61UnRWTP7+rj1H/j6FH706gRBHdFVpIqEkSDAyIpafBXYH8xt4gttstbbCWdU3OlcSWO8/3mbKl/93/HSMpw==",
      "dev": true,
      "license": "MIT",
      "dependencies": {
        "@vue/shared": "3.5.3"
      }
    },
    "node_modules/@vue/runtime-core": {
      "version": "3.5.3",
      "resolved": "https://registry.npmjs.org/@vue/runtime-core/-/runtime-core-3.5.3.tgz",
      "integrity": "sha512-5b2AQw5OZlmCzSsSBWYoZOsy75N4UdMWenTfDdI5bAzXnuVR7iR8Q4AOzQm2OGoA41xjk53VQKrqQhOz2ktWaw==",
      "dev": true,
      "license": "MIT",
      "dependencies": {
        "@vue/reactivity": "3.5.3",
        "@vue/shared": "3.5.3"
      }
    },
    "node_modules/@vue/shared": {
      "version": "3.5.3",
      "resolved": "https://registry.npmjs.org/@vue/shared/-/shared-3.5.3.tgz",
      "integrity": "sha512-Jp2v8nylKBT+PlOUjun2Wp/f++TfJVFjshLzNtJDdmFJabJa7noGMncqXRM1vXGX+Yo2V7WykQFNxusSim8SCA==",
      "dev": true,
      "license": "MIT"
    }
  },
  "dependencies": {
    "@vue/reactivity": {
      "version": "3.5.3",
      "resolved": "https://registry.npmjs.org/@vue/reactivity/-/reactivity-3.5.3.tgz",
      "integrity": "sha512-2w61UnRWTP7+rj1H/j6FH706gRBHdFVpIqEkSDAyIpafBXYH8xt4gttstbbCWdU3OlcSWO8/3mbKl/93/HSMpw==",
      "dev": true,
      "requires": {
        "@vue/shared": "3.5.3"
      }
    },
    "@vue/runtime-core": {
      "version": "3.5.3",
      "resolved": "https://registry.npmjs.org/@vue/runtime-core/-/runtime-core-3.5.3.tgz",
      "integrity": "sha512-5b2AQw5OZlmCzSsSBWYoZOsy75N4UdMWenTfDdI5bAzXnuVR7iR8Q4AOzQm2OGoA41xjk53VQKrqQhOz2ktWaw==",
      "dev": true,
      "requires": {
        "@vue/reactivity": "3.5.3",
        "@vue/shared": "3.5.3"
      }
    },
    "@vue/shared": {
      "version": "3.5.3",
      "resolved": "https://registry.npmjs.org/@vue/shared/-/shared-3.5.3.tgz",
      "integrity": "sha512-Jp2v8nylKBT+PlOUjun2Wp/f++TfJVFjshLzNtJDdmFJabJa7noGMncqXRM1vXGX+Yo2V7WykQFNxusSim8SCA==",
      "dev": true
    }
  }
}
