{
  "name": "@hippy/vue-next",
  "version": "3.3.4",
  "lockfileVersion": 2,
  "requires": true,
  "packages": {
    "": {
      "name": "@hippy/vue-next",
      "version": "3.3.4",
      "license": "Apache-2.0",
      "devDependencies": {
        "@vue/runtime-core": "3.4.32",
        "@vue/shared": "3.4.32"
      },
      "peerDependencies": {
        "@vue/runtime-core": "3.4.32",
        "@vue/shared": "3.4.32"
      }
    },
    "node_modules/@vue/reactivity": {
      "version": "3.4.32",
      "resolved": "https://repo.huaweicloud.com/repository/npm/@vue/reactivity/-/reactivity-3.4.32.tgz",
      "integrity": "sha512-1P7QvghAzhSIWmiNmh4MNkLVjr2QTNDcFv2sKmytEWhR6t7BZzNicgm5ENER4uU++wbWxgRh/pSEYgdI3MDcvg==",
      "dev": true,
      "license": "MIT",
      "dependencies": {
        "@vue/shared": "3.4.32"
      }
    },
    "node_modules/@vue/runtime-core": {
      "version": "3.4.32",
      "resolved": "https://repo.huaweicloud.com/repository/npm/@vue/runtime-core/-/runtime-core-3.4.32.tgz",
      "integrity": "sha512-FxT2dTHUs1Hki8Ui/B1Hu339mx4H5kRJooqrNM32tGUHBPStJxwMzLIRbeGO/B1NMplU4Pg9fwOqrJtrOzkdfA==",
      "dev": true,
      "license": "MIT",
      "dependencies": {
        "@vue/reactivity": "3.4.32",
        "@vue/shared": "3.4.32"
      }
    },
    "node_modules/@vue/shared": {
      "version": "3.4.32",
      "resolved": "https://repo.huaweicloud.com/repository/npm/@vue/shared/-/shared-3.4.32.tgz",
      "integrity": "sha512-ep4mF1IVnX/pYaNwxwOpJHyBtOMKWoKZMbnUyd+z0udqIxLUh7YCCd/JfDna8aUrmnG9SFORyIq2HzEATRrQsg==",
      "dev": true,
      "license": "MIT"
    }
  },
  "dependencies": {
    "@vue/reactivity": {
      "version": "3.4.32",
      "resolved": "https://repo.huaweicloud.com/repository/npm/@vue/reactivity/-/reactivity-3.4.32.tgz",
      "integrity": "sha512-1P7QvghAzhSIWmiNmh4MNkLVjr2QTNDcFv2sKmytEWhR6t7BZzNicgm5ENER4uU++wbWxgRh/pSEYgdI3MDcvg==",
      "dev": true,
      "requires": {
        "@vue/shared": "3.4.32"
      }
    },
    "@vue/runtime-core": {
      "version": "3.4.32",
      "resolved": "https://repo.huaweicloud.com/repository/npm/@vue/runtime-core/-/runtime-core-3.4.32.tgz",
      "integrity": "sha512-FxT2dTHUs1Hki8Ui/B1Hu339mx4H5kRJooqrNM32tGUHBPStJxwMzLIRbeGO/B1NMplU4Pg9fwOqrJtrOzkdfA==",
      "dev": true,
      "requires": {
        "@vue/reactivity": "3.4.32",
        "@vue/shared": "3.4.32"
      }
    },
    "@vue/shared": {
      "version": "3.4.32",
      "resolved": "https://repo.huaweicloud.com/repository/npm/@vue/shared/-/shared-3.4.32.tgz",
      "integrity": "sha512-ep4mF1IVnX/pYaNwxwOpJHyBtOMKWoKZMbnUyd+z0udqIxLUh7YCCd/JfDna8aUrmnG9SFORyIq2HzEATRrQsg==",
      "dev": true
    }
  }
}
