{
  "name": "@hippy/hippy-vue-next-style-parser",
  "version": "3.3.4",
  "lockfileVersion": 3,
  "requires": true,
  "packages": {
    "": {
      "name": "@hippy/hippy-vue-next-style-parser",
      "version": "3.3.4",
      "license": "Apache-2.0",
      "devDependencies": {
        "@vue/shared": "3.4.32"
      },
      "peerDependencies": {
        "@vue/shared": "3.4.32"
      }
    },
    "node_modules/@vue/shared": {
      "version": "3.4.32",
      "resolved": "https://repo.huaweicloud.com/repository/npm/@vue/shared/-/shared-3.4.32.tgz",
      "integrity": "sha512-ep4mF1IVnX/pYaNwxwOpJHyBtOMKWoKZMbnUyd+z0udqIxLUh7YCCd/JfDna8aUrmnG9SFORyIq2HzEATRrQsg==",
      "dev": true,
      "license": "MIT"
    }
  }
}
